
Microsoft Visual Studio Solution File, Format Version 12.00
# Visual Studio Version 16
VisualStudioVersion = 16.0.29519.181
MinimumVisualStudioVersion = 10.0.40219.1
Project("{FAE04EC0-301F-11D3-BF4B-00C04F79EFBC}") = "Histoire", "Histoire.csproj", "{C95BA5DD-AB00-4F98-A386-E14529369C59}"
EndProject
Global
	GlobalSection(SolutionConfigurationPlatforms) = preSolution
		Debug|Any CPU = Debug|Any CPU
		Release|Any CPU = Release|Any CPU
	EndGlobalSection
	GlobalSection(ProjectConfigurationPlatforms) = postSolution
		{C95BA5DD-AB00-4F98-A386-E14529369C59}.Debug|Any CPU.ActiveCfg = Debug|Any CPU
		{C95BA5DD-AB00-4F98-A386-E14529369C59}.Debug|Any CPU.Build.0 = Debug|Any CPU
		{C95BA5DD-AB00-4F98-A386-E14529369C59}.Release|Any CPU.ActiveCfg = Release|Any CPU
		{C95BA5DD-AB00-4F98-A386-E14529369C59}.Release|Any CPU.Build.0 = Release|Any CPU
	EndGlobalSection
	GlobalSection(SolutionProperties) = preSolution
		HideSolutionNode = FALSE
	EndGlobalSection
	GlobalSection(ExtensibilityGlobals) = postSolution
		SolutionGuid = {18AB30EC-1421-463D-8888-9368EA8ADE64}
	EndGlobalSection
EndGlobal
